{
  "originHash" : "5cda8f95adbcb900e3513931f08d64c0ad737e6209da031d080707737543332e",
  "pins" : [
    {
      "identity" : "gcdwebserver",
      "kind" : "remoteSourceControl",
      "location" : "https://github.com/yene/GCDWebServer",
      "state" : {
        "revision" : "c2f837b30038ef716b77225f40cc8d104b6ff645",
        "version" : "3.5.7"
      }
    },
    {
      "identity" : "ltsupportautomotive",
      "kind" : "remoteSourceControl",
      "location" : "https://github.com/mickeyl/LTSupportAutomotive",
      "state" : {
        "revision" : "571396017a3ecc36b04831e2a86a06a8efce265f",
        "version" : "1.0.1"
      }
    }
  ],
  "version" : 3
}
