{
  "originHash" : "9d285c56e7c8f4d8803cf17dd92f71ba0fe99462d8790fa6fe38d89d0ed5f814",
  "pins" : [
    {
      "identity" : "gcdwebserver",
      "kind" : "remoteSourceControl",
      "location" : "https://github.com/yene/GCDWebServer",
      "state" : {
        "revision" : "c2f837b30038ef716b77225f40cc8d104b6ff645",
        "version" : "3.5.7"
      }
    }
  ],
  "version" : 3
}
